lockfileVersion: '6.0'

settings:
  autoInstallPeers: true
  excludeLinksFromLockfile: false

dependencies:
  '@volar/shared':
    specifier: ^1.0.24
    version: 1.0.24
  '@vue/language-server':
    specifier: ^1.8.22
    version: 1.8.22(typescript@5.3.2)
  bash-language-server:
    specifier: ^5.0.0
    version: 5.0.0
  prettier:
    specifier: ^3.1.0
    version: 3.1.0
  typescript:
    specifier: ^5.3.2
    version: 5.3.2
  typescript-language-server:
    specifier: ^4.1.3
    version: 4.1.3
  vscode-langservers-extracted:
    specifier: ^4.8.0
    version: 4.8.0
  vscode-languageserver-types:
    specifier: ^3.17.5
    version: 3.17.5

packages:

  /@babel/helper-string-parser@7.23.4:
    resolution: {integrity: sha512-803gmbQdqwdf4olxrX4AJyFBV/RTr3rSmOj0rKwesmzlfhYNDEs+/iOcznzpNWlJlIlTJC2QfPFcHB6DlzdVLQ==}
    engines: {node: '>=6.9.0'}
    dev: false

  /@babel/helper-validator-identifier@7.22.20:
    resolution: {integrity: sha512-Y4OZ+ytlatR8AI+8KZfKuL5urKp7qey08ha31L8b3BwewJAoJamTzyvxPR/5D+KkdJCGPq/+8TukHBlY10FX9A==}
    engines: {node: '>=6.9.0'}
    dev: false

  /@babel/parser@7.23.5:
    resolution: {integrity: sha512-hOOqoiNXrmGdFbhgCzu6GiURxUgM27Xwd/aPuu8RfHEZPBzL1Z54okAHAQjXfcQNwvrlkAmAp4SlRTZ45vlthQ==}
    engines: {node: '>=6.0.0'}
    hasBin: true
    dependencies:
      '@babel/types': 7.23.5
    dev: false

  /@babel/types@7.23.5:
    resolution: {integrity: sha512-ON5kSOJwVO6xXVRTvOI0eOnWe7VdUcIpsovGo9U/Br4Ie4UVFQTboO2cYnDhAGU6Fp+UxSiT+pMft0SMHfuq6w==}
    engines: {node: '>=6.9.0'}
    dependencies:
      '@babel/helper-string-parser': 7.23.4
      '@babel/helper-validator-identifier': 7.22.20
      to-fast-properties: 2.0.0
    dev: false

  /@emmetio/abbreviation@2.3.3:
    resolution: {integrity: sha512-mgv58UrU3rh4YgbE/TzgLQwJ3pFsHHhCLqY20aJq+9comytTXUDNGG/SMtSeMJdkpxgXSXunBGLD8Boka3JyVA==}
    dependencies:
      '@emmetio/scanner': 1.0.4
    dev: false

  /@emmetio/css-abbreviation@2.1.8:
    resolution: {integrity: sha512-s9yjhJ6saOO/uk1V74eifykk2CBYi01STTK3WlXWGOepyKa23ymJ053+DNQjpFcy1ingpaO7AxCcwLvHFY9tuw==}
    dependencies:
      '@emmetio/scanner': 1.0.4
    dev: false

  /@emmetio/scanner@1.0.4:
    resolution: {integrity: sha512-IqRuJtQff7YHHBk4G8YZ45uB9BaAGcwQeVzgj/zj8/UdOhtQpEIupUhSk8dys6spFIWVZVeK20CzGEnqR5SbqA==}
    dev: false

  /@johnsoncodehk/pug-beautify@0.2.2:
    resolution: {integrity: sha512-qqNS/YD0Nck5wtQLCPHAfGVgWbbGafxSPjNh0ekYPFSNNqnDH2kamnduzYly8IiADmeVx/MfAE1njMEjVeHTMA==}
    dev: false

  /@nodelib/fs.scandir@2.1.5:
    resolution: {integrity: sha512-vq24Bq3ym5HEQm2NKCr3yXDwjc7vTsEThRDnkp2DK9p1uqLR+DHurm/NOTo0KG7HYHU7eppKZj3MyqYuMBf62g==}
    engines: {node: '>= 8'}
    dependencies:
      '@nodelib/fs.stat': 2.0.5
      run-parallel: 1.2.0
    dev: false

  /@nodelib/fs.stat@2.0.5:
    resolution: {integrity: sha512-RkhPPp2zrqDAQA/2jNhnztcPAlv64XdhIp7a7454A5ovI7Bukxgt7MX7udwAu3zg1DcpPU0rz3VV1SeaqvY4+A==}
    engines: {node: '>= 8'}
    dev: false

  /@nodelib/fs.walk@1.2.8:
    resolution: {integrity: sha512-oGB+UxlgWcgQkgwo8GcEGwemoTFt3FIO9ababBmaGwXIoBKZ+GTy0pP185beGg7Llih/NSHSV2XAs1lnznocSg==}
    engines: {node: '>= 8'}
    dependencies:
      '@nodelib/fs.scandir': 2.1.5
      fastq: 1.15.0
    dev: false

  /@volar/language-core@1.10.10:
    resolution: {integrity: sha512-nsV1o3AZ5n5jaEAObrS3MWLBWaGwUj/vAsc15FVNIv+DbpizQRISg9wzygsHBr56ELRH8r4K75vkYNMtsSNNWw==}
    dependencies:
      '@volar/source-map': 1.10.10
    dev: false

  /@volar/language-server@1.10.10:
    resolution: {integrity: sha512-F2PRBU+CRjT7L9qe8bjof/uz/LbAXVmgwNU2gOSX2y1bUl3E8DHmD0dB6pwIVublvkx+Ivg/0r3Z6oyxfPPruQ==}
    dependencies:
      '@volar/language-core': 1.10.10
      '@volar/language-service': 1.10.10
      '@volar/typescript': 1.10.10
      '@vscode/l10n': 0.0.16
      path-browserify: 1.0.1
      request-light: 0.7.0
      vscode-languageserver: 9.0.1
      vscode-languageserver-protocol: 3.17.5
      vscode-languageserver-textdocument: 1.0.11
      vscode-uri: 3.0.8
    dev: false

  /@volar/language-service@1.10.10:
    resolution: {integrity: sha512-P4fiPWDI6fLGO6BghlksCVHs1nr9gvWAMDyma3Bca4aowxXusxjUVTsnJq0EVorIN5uIr1Xel4B/tNdXt/IKyw==}
    dependencies:
      '@volar/language-core': 1.10.10
      '@volar/source-map': 1.10.10
      vscode-languageserver-protocol: 3.17.5
      vscode-languageserver-textdocument: 1.0.11
      vscode-uri: 3.0.8
    dev: false

  /@volar/shared@1.0.24:
    resolution: {integrity: sha512-30mqmNsw49xlGhziL59z6kP6/TlBatkeOzMImUSWmn1QtqV7r2onDGgNNdCqSa1esTo4UtGup6yqqM2oUwrMSQ==}
    dependencies:
      typesafe-path: 0.2.2
      vscode-uri: 3.0.8
    dev: false

  /@volar/source-map@1.10.10:
    resolution: {integrity: sha512-GVKjLnifV4voJ9F0vhP56p4+F3WGf+gXlRtjFZsv6v3WxBTWU3ZVeaRaEHJmWrcv5LXmoYYpk/SC25BKemPRkg==}
    dependencies:
      muggle-string: 0.3.1
    dev: false

  /@volar/typescript@1.10.10:
    resolution: {integrity: sha512-4a2r5bdUub2m+mYVnLu2wt59fuoYWe7nf0uXtGHU8QQ5LDNfzAR0wK7NgDiQ9rcl2WT3fxT2AA9AylAwFtj50A==}
    dependencies:
      '@volar/language-core': 1.10.10
      path-browserify: 1.0.1
    dev: false

  /@vscode/emmet-helper@2.9.2:
    resolution: {integrity: sha512-MaGuyW+fa13q3aYsluKqclmh62Hgp0BpKIqS66fCxfOaBcVQ1OnMQxRRgQUYnCkxFISAQlkJ0qWWPyXjro1Qrg==}
    dependencies:
      emmet: 2.4.6
      jsonc-parser: 2.3.1
      vscode-languageserver-textdocument: 1.0.11
      vscode-languageserver-types: 3.17.5
      vscode-uri: 2.1.2
    dev: false

  /@vscode/l10n@0.0.10:
    resolution: {integrity: sha512-E1OCmDcDWa0Ya7vtSjp/XfHFGqYJfh+YPC1RkATU71fTac+j1JjCcB3qwSzmlKAighx2WxhLlfhS0RwAN++PFQ==}
    dev: false

  /@vscode/l10n@0.0.16:
    resolution: {integrity: sha512-JT5CvrIYYCrmB+dCana8sUqJEcGB1ZDXNLMQ2+42bW995WmNoenijWMUdZfwmuQUTQcEVVIa2OecZzTYWUW9Cg==}
    dev: false

  /@vue/compiler-core@3.3.9:
    resolution: {integrity: sha512-+/Lf68Vr/nFBA6ol4xOtJrW+BQWv3QWKfRwGSm70jtXwfhZNF4R/eRgyVJYoxFRhdCTk/F6g99BP0ffPgZihfQ==}
    dependencies:
      '@babel/parser': 7.23.5
      '@vue/shared': 3.3.9
      estree-walker: 2.0.2
      source-map-js: 1.0.2
    dev: false

  /@vue/compiler-dom@3.3.9:
    resolution: {integrity: sha512-nfWubTtLXuT4iBeDSZ5J3m218MjOy42Vp2pmKVuBKo2/BLcrFUX8nCSr/bKRFiJ32R8qbdnnnBgRn9AdU5v0Sg==}
    dependencies:
      '@vue/compiler-core': 3.3.9
      '@vue/shared': 3.3.9
    dev: false

  /@vue/language-core@1.8.22(typescript@5.3.2):
    resolution: {integrity: sha512-bsMoJzCrXZqGsxawtUea1cLjUT9dZnDsy5TuZ+l1fxRMzUGQUG9+Ypq4w//CqpWmrx7nIAJpw2JVF/t258miRw==}
    peerDependencies:
      typescript: '*'
    peerDependenciesMeta:
      typescript:
        optional: true
    dependencies:
      '@volar/language-core': 1.10.10
      '@volar/source-map': 1.10.10
      '@vue/compiler-dom': 3.3.9
      '@vue/shared': 3.3.9
      computeds: 0.0.1
      minimatch: 9.0.3
      muggle-string: 0.3.1
      typescript: 5.3.2
      vue-template-compiler: 2.7.15
    dev: false

  /@vue/language-server@1.8.22(typescript@5.3.2):
    resolution: {integrity: sha512-F1ogp9CgEOLPg2ydkDFHFBVBBgzzUYZMAef0/SO01NHEQeIoORtxXKdqgF8hzZlGjh3EqmliogeFCBOULiYuTg==}
    hasBin: true
    dependencies:
      '@volar/language-core': 1.10.10
      '@volar/language-server': 1.10.10
      '@volar/typescript': 1.10.10
      '@vue/language-core': 1.8.22(typescript@5.3.2)
      '@vue/language-service': 1.8.22(typescript@5.3.2)
      vscode-languageserver-protocol: 3.17.5
      vue-component-meta: 1.8.22(typescript@5.3.2)
    transitivePeerDependencies:
      - typescript
    dev: false

  /@vue/language-service@1.8.22(typescript@5.3.2):
    resolution: {integrity: sha512-N2VjxOfkTVzSC2PdPq52bZXAtmL+tSEpALtEkFCxv7YA1XeieMvUv1bn7K7P6CoNhakTMdi2ouEyBg9Lc1A+WQ==}
    dependencies:
      '@volar/language-core': 1.10.10
      '@volar/language-service': 1.10.10
      '@volar/typescript': 1.10.10
      '@vue/compiler-dom': 3.3.9
      '@vue/language-core': 1.8.22(typescript@5.3.2)
      '@vue/shared': 3.3.9
      computeds: 0.0.1
      volar-service-css: 0.0.15(@volar/language-service@1.10.10)
      volar-service-emmet: 0.0.15(@volar/language-service@1.10.10)
      volar-service-html: 0.0.15(@volar/language-service@1.10.10)
      volar-service-json: 0.0.15(@volar/language-service@1.10.10)
      volar-service-pug: 0.0.15
      volar-service-pug-beautify: 0.0.15(@volar/language-service@1.10.10)
      volar-service-typescript: 0.0.15(@volar/language-service@1.10.10)(@volar/typescript@1.10.10)
      volar-service-typescript-twoslash-queries: 0.0.15(@volar/language-service@1.10.10)
      vscode-html-languageservice: 5.1.1
      vscode-languageserver-textdocument: 1.0.11
    transitivePeerDependencies:
      - typescript
    dev: false

  /@vue/shared@3.3.9:
    resolution: {integrity: sha512-ZE0VTIR0LmYgeyhurPTpy4KzKsuDyQbMSdM49eKkMnT5X4VfFBLysMzjIZhLEFQYjjOVVfbvUDHckwjDFiO2eA==}
    dev: false

  /acorn@7.4.1:
    resolution: {integrity: sha512-nQyp0o1/mNdbTO1PO6kHkwSrmgZ0MT/jCCpNiwbUjGoRN4dlBhqJtoQuCnEOKzgTVwg0ZWiCoQy6SxMebQVh8A==}
    engines: {node: '>=0.4.0'}
    hasBin: true
    dev: false

  /balanced-match@1.0.2:
    resolution: {integrity: sha512-3oSeUO0TMV67hN1AmbXsK4yaqU7tjiHlbxRDZOpH0KW9+CeX4bRAaX0Anxt0tx2MrpRpWwQaPwIlISEJhYU5Pw==}
    dev: false

  /bash-language-server@5.0.0:
    resolution: {integrity: sha512-1S5PMQO4PwXDIiPHUE6dYd8vZF1NZqb3i4Astd7UXD4lSWnSo71MqSmTpTs/dTYcvo2/9z2IymbNPPyn/VuM2w==}
    engines: {node: '>=16'}
    hasBin: true
    dependencies:
      fast-glob: 3.3.0
      fuzzy-search: 3.2.1
      node-fetch: 2.6.12
      turndown: 7.1.2
      vscode-languageserver: 8.0.2
      vscode-languageserver-textdocument: 1.0.8
      web-tree-sitter: 0.20.8
      zod: 3.21.4
    transitivePeerDependencies:
      - encoding
    dev: false

  /boolbase@1.0.0:
    resolution: {integrity: sha512-JZOSA7Mo9sNGB8+UjSgzdLtokWAky1zbztM3WRLCbZ70/3cTANmQmOdR7y2g+J0e2WXywy1yS468tY+IruqEww==}
    dev: false

  /brace-expansion@2.0.1:
    resolution: {integrity: sha512-XnAIvQ8eM+kC6aULx6wuQiwVsnzsi9d3WxzV3FpWTGA19F621kwdbsAcFKXgKUHZWsy+mY6iL1sHTxWEFCytDA==}
    dependencies:
      balanced-match: 1.0.2
    dev: false

  /braces@3.0.2:
    resolution: {integrity: sha512-b8um+L1RzM3WDSzvhm6gIz1yfTbBt6YTlcEKAvsmqCZZFw46z626lVj9j1yEPW33H5H+lBQpZMP1k8l+78Ha0A==}
    engines: {node: '>=8'}
    dependencies:
      fill-range: 7.0.1
    dev: false

  /call-bind@1.0.5:
    resolution: {integrity: sha512-C3nQxfFZxFRVoJoGKKI8y3MOEo129NQ+FgQ08iye+Mk4zNZZGdjfs06bVTr+DBSlA66Q2VEcMki/cUCP4SercQ==}
    dependencies:
      function-bind: 1.1.2
      get-intrinsic: 1.2.2
      set-function-length: 1.1.1
    dev: false

  /character-parser@2.2.0:
    resolution: {integrity: sha512-+UqJQjFEFaTAs3bNsF2j2kEN1baG/zghZbdqoYEDxGZtJo9LBzl1A+m0D4n3qKx8N2FNv8/Xp6yV9mQmBuptaw==}
    dependencies:
      is-regex: 1.1.4
    dev: false

  /computeds@0.0.1:
    resolution: {integrity: sha512-7CEBgcMjVmitjYo5q8JTJVra6X5mQ20uTThdK+0kR7UEaDrAWEQcRiBtWJzga4eRpP6afNwwLsX2SET2JhVB1Q==}
    dev: false

  /core-js@3.33.3:
    resolution: {integrity: sha512-lo0kOocUlLKmm6kv/FswQL8zbkH7mVsLJ/FULClOhv8WRVmKLVcs6XPNQAzstfeJTCHMyButEwG+z1kHxHoDZw==}
    requiresBuild: true
    dev: false

  /css-select@5.1.0:
    resolution: {integrity: sha512-nwoRF1rvRRnnCqqY7updORDsuqKzqYJ28+oSMaJMMgOauh3fvwHqMS7EZpIPqK8GL+g9mKxF1vP/ZjSeNjEVHg==}
    dependencies:
      boolbase: 1.0.0
      css-what: 6.1.0
      domhandler: 5.0.3
      domutils: 3.1.0
      nth-check: 2.1.1
    dev: false

  /css-what@6.1.0:
    resolution: {integrity: sha512-HTUrgRJ7r4dsZKU6GjmpfRK1O76h97Z8MfS1G0FozR+oF2kG6Vfe8JE6zwrkbxigziPHinCJ+gCPjA9EaBDtRw==}
    engines: {node: '>= 6'}
    dev: false

  /de-indent@1.0.2:
    resolution: {integrity: sha512-e/1zu3xH5MQryN2zdVaF0OrdNLUbvWxzMbi+iNA6Bky7l1RoP8a2fIbRocyHclXt/arDrrR6lL3TqFD9pMQTsg==}
    dev: false

  /define-data-property@1.1.1:
    resolution: {integrity: sha512-E7uGkTzkk1d0ByLeSc6ZsFS79Axg+m1P/VsgYsxHgiuc3tFSj+MjMIwe90FC4lOAZzNBdY7kkO2P2wKdsQ1vgQ==}
    engines: {node: '>= 0.4'}
    dependencies:
      get-intrinsic: 1.2.2
      gopd: 1.0.1
      has-property-descriptors: 1.0.1
    dev: false

  /dom-serializer@2.0.0:
    resolution: {integrity: sha512-wIkAryiqt/nV5EQKqQpo3SToSOV9J0DnbJqwK7Wv/Trc92zIAYZ4FlMu+JPFW1DfGFt81ZTCGgDEabffXeLyJg==}
    dependencies:
      domelementtype: 2.3.0
      domhandler: 5.0.3
      entities: 4.5.0
    dev: false

  /domelementtype@2.3.0:
    resolution: {integrity: sha512-OLETBj6w0OsagBwdXnPdN0cnMfF9opN69co+7ZrbfPGrdpPVNBUj02spi6B1N7wChLQiPn4CSH/zJvXw56gmHw==}
    dev: false

  /domhandler@5.0.3:
    resolution: {integrity: sha512-cgwlv/1iFQiFnU96XXgROh8xTeetsnJiDsTc7TYCLFd9+/WNkIqPTxiM/8pSd8VIrhXGTf1Ny1q1hquVqDJB5w==}
    engines: {node: '>= 4'}
    dependencies:
      domelementtype: 2.3.0
    dev: false

  /domino@2.1.6:
    resolution: {integrity: sha512-3VdM/SXBZX2omc9JF9nOPCtDaYQ67BGp5CoLpIQlO2KCAPETs8TcDHacF26jXadGbvUteZzRTeos2fhID5+ucQ==}
    dev: false

  /domutils@3.1.0:
    resolution: {integrity: sha512-H78uMmQtI2AhgDJjWeQmHwJJ2bLPD3GMmO7Zja/ZZh84wkm+4ut+IUnUdRa8uCGX88DiVx1j6FRe1XfxEgjEZA==}
    dependencies:
      dom-serializer: 2.0.0
      domelementtype: 2.3.0
      domhandler: 5.0.3
    dev: false

  /emmet@2.4.6:
    resolution: {integrity: sha512-dJfbdY/hfeTyf/Ef7Y7ubLYzkBvPQ912wPaeVYpAxvFxkEBf/+hJu4H6vhAvFN6HlxqedlfVn2x1S44FfQ97pg==}
    dependencies:
      '@emmetio/abbreviation': 2.3.3
      '@emmetio/css-abbreviation': 2.1.8
    dev: false

  /entities@4.5.0:
    resolution: {integrity: sha512-V0hjH4dGPh9Ao5p0MoRY6BVqtwCjhz6vI5LT8AJ55H+4g9/4vbHx1I54fS0XuclLhDHArPQCiMjDxjaL8fPxhw==}
    engines: {node: '>=0.12'}
    dev: false

  /estree-walker@2.0.2:
    resolution: {integrity: sha512-Rfkk/Mp/DL7JVje3u18FxFujQlTNR2q6QfMSMB7AvCBx91NGj/ba3kCfza0f6dVDbw7YlRf/nDrn7pQrCCyQ/w==}
    dev: false

  /fast-glob@3.3.0:
    resolution: {integrity: sha512-ChDuvbOypPuNjO8yIDf36x7BlZX1smcUMTTcyoIjycexOxd6DFsKsg21qVBzEmr3G7fUKIRy2/psii+CIUt7FA==}
    engines: {node: '>=8.6.0'}
    dependencies:
      '@nodelib/fs.stat': 2.0.5
      '@nodelib/fs.walk': 1.2.8
      glob-parent: 5.1.2
      merge2: 1.4.1
      micromatch: 4.0.5
    dev: false

  /fastq@1.15.0:
    resolution: {integrity: sha512-wBrocU2LCXXa+lWBt8RoIRD89Fi8OdABODa/kEnyeyjS5aZO5/GNvI5sEINADqP/h8M29UHTHUb53sUu5Ihqdw==}
    dependencies:
      reusify: 1.0.4
    dev: false

  /fill-range@7.0.1:
    resolution: {integrity: sha512-qOo9F+dMUmC2Lcb4BbVvnKJxTPjCm+RRpe4gDuGrzkL7mEVl/djYSu2OdQ2Pa302N4oqkSg9ir6jaLWJ2USVpQ==}
    engines: {node: '>=8'}
    dependencies:
      to-regex-range: 5.0.1
    dev: false

  /function-bind@1.1.2:
    resolution: {integrity: sha512-7XHNxH7qX9xG5mIwxkhumTox/MIRNcOgDrxWsMt2pAr23WHp6MrRlN7FBSFpCpr+oVO0F744iUgR82nJMfG2SA==}
    dev: false

  /fuzzy-search@3.2.1:
    resolution: {integrity: sha512-vAcPiyomt1ioKAsAL2uxSABHJ4Ju/e4UeDM+g1OlR0vV4YhLGMNsdLNvZTpEDY4JCSt0E4hASCNM5t2ETtsbyg==}
    dev: false

  /get-intrinsic@1.2.2:
    resolution: {integrity: sha512-0gSo4ml/0j98Y3lngkFEot/zhiCeWsbYIlZ+uZOVgzLyLaUw7wxUL+nCTP0XJvJg1AXulJRI3UJi8GsbDuxdGA==}
    dependencies:
      function-bind: 1.1.2
      has-proto: 1.0.1
      has-symbols: 1.0.3
      hasown: 2.0.0
    dev: false

  /glob-parent@5.1.2:
    resolution: {integrity: sha512-AOIgSQCepiJYwP3ARnGx+5VnTu2HBYdzbGP45eLw1vr3zB3vZLeyed1sC9hnbcOc9/SrMyM5RPQrkGz4aS9Zow==}
    engines: {node: '>= 6'}
    dependencies:
      is-glob: 4.0.3
    dev: false

  /gopd@1.0.1:
    resolution: {integrity: sha512-d65bNlIadxvpb/A2abVdlqKqV563juRnZ1Wtk6s1sIR8uNsXR70xqIzVqxVf1eTqDunwT2MkczEeaezCKTZhwA==}
    dependencies:
      get-intrinsic: 1.2.2
    dev: false

  /has-property-descriptors@1.0.1:
    resolution: {integrity: sha512-VsX8eaIewvas0xnvinAe9bw4WfIeODpGYikiWYLH+dma0Jw6KHYqWiWfhQlgOVK8D6PvjubK5Uc4P0iIhIcNVg==}
    dependencies:
      get-intrinsic: 1.2.2
    dev: false

  /has-proto@1.0.1:
    resolution: {integrity: sha512-7qE+iP+O+bgF9clE5+UoBFzE65mlBiVj3tKCrlNQ0Ogwm0BjpT/gK4SlLYDMybDh5I3TCTKnPPa0oMG7JDYrhg==}
    engines: {node: '>= 0.4'}
    dev: false

  /has-symbols@1.0.3:
    resolution: {integrity: sha512-l3LCuF6MgDNwTDKkdYGEihYjt5pRPbEg46rtlmnSPlUbgmB8LOIrKJbYYFBSbnPaJexMKtiPO8hmeRjRz2Td+A==}
    engines: {node: '>= 0.4'}
    dev: false

  /has-tostringtag@1.0.0:
    resolution: {integrity: sha512-kFjcSNhnlGV1kyoGk7OXKSawH5JOb/LzUc5w9B02hOTO0dfFRjbHQKvg1d6cf3HbeUmtU9VbbV3qzZ2Teh97WQ==}
    engines: {node: '>= 0.4'}
    dependencies:
      has-symbols: 1.0.3
    dev: false

  /hasown@2.0.0:
    resolution: {integrity: sha512-vUptKVTpIJhcczKBbgnS+RtcuYMB8+oNzPK2/Hp3hanz8JmpATdmmgLgSaadVREkDm+e2giHwY3ZRkyjSIDDFA==}
    engines: {node: '>= 0.4'}
    dependencies:
      function-bind: 1.1.2
    dev: false

  /he@1.2.0:
    resolution: {integrity: sha512-F/1DnUGPopORZi0ni+CvrCgHQ5FyEAHRLSApuYWMmrbSwoN2Mn/7k+Gl38gJnR7yyDZk6WLXwiGod1JOWNDKGw==}
    hasBin: true
    dev: false

  /is-expression@4.0.0:
    resolution: {integrity: sha512-zMIXX63sxzG3XrkHkrAPvm/OVZVSCPNkwMHU8oTX7/U3AL78I0QXCEICXUM13BIa8TYGZ68PiTKfQz3yaTNr4A==}
    dependencies:
      acorn: 7.4.1
      object-assign: 4.1.1
    dev: false

  /is-extglob@2.1.1:
    resolution: {integrity: sha512-SbKbANkN603Vi4jEZv49LeVJMn4yGwsbzZworEoyEiutsN3nJYdbO36zfhGJ6QEDpOZIFkDtnq5JRxmvl3jsoQ==}
    engines: {node: '>=0.10.0'}
    dev: false

  /is-glob@4.0.3:
    resolution: {integrity: sha512-xelSayHH36ZgE7ZWhli7pW34hNbNl8Ojv5KVmkJD4hBdD3th8Tfk9vYasLM+mXWOZhFkgZfxhLSnrwRr4elSSg==}
    engines: {node: '>=0.10.0'}
    dependencies:
      is-extglob: 2.1.1
    dev: false

  /is-number@7.0.0:
    resolution: {integrity: sha512-41Cifkg6e8TylSpdtTpeLVMqvSBEVzTttHvERD741+pnZ8ANv0004MRL43QKPDlK9cGvNp6NZWZUBlbGXYxxng==}
    engines: {node: '>=0.12.0'}
    dev: false

  /is-regex@1.1.4:
    resolution: {integrity: sha512-kvRdxDsxZjhzUX07ZnLydzS1TU/TJlTUHHY4YLL87e37oUA49DfkLqgy+VjFocowy29cKvcSiu+kIv728jTTVg==}
    engines: {node: '>= 0.4'}
    dependencies:
      call-bind: 1.0.5
      has-tostringtag: 1.0.0
    dev: false

  /jsonc-parser@2.3.1:
    resolution: {integrity: sha512-H8jvkz1O50L3dMZCsLqiuB2tA7muqbSg1AtGEkN0leAqGjsUzDJir3Zwr02BhqdcITPg3ei3mZ+HjMocAknhhg==}
    dev: false

  /jsonc-parser@3.2.0:
    resolution: {integrity: sha512-gfFQZrcTc8CnKXp6Y4/CBT3fTc0OVuDofpre4aEeEpSBPV5X5v4+Vmx+8snU7RLPrNHPKSgLxGo9YuQzz20o+w==}
    dev: false

  /lru-cache@6.0.0:
    resolution: {integrity: sha512-Jo6dJ04CmSjuznwJSS3pUeWmd/H0ffTlkXXgwZi+eq1UCmqQwCh+eLsYOYCwY991i2Fah4h1BEMCx4qThGbsiA==}
    engines: {node: '>=10'}
    dependencies:
      yallist: 4.0.0
    dev: false

  /merge2@1.4.1:
    resolution: {integrity: sha512-8q7VEgMJW4J8tcfVPy8g09NcQwZdbwFEqhe/WZkoIzjn/3TGDwtOCYtXGxA3O8tPzpczCCDgv+P2P5y00ZJOOg==}
    engines: {node: '>= 8'}
    dev: false

  /micromatch@4.0.5:
    resolution: {integrity: sha512-DMy+ERcEW2q8Z2Po+WNXuw3c5YaUSFjAO5GsJqfEl7UjvtIuFKO6ZrKvcItdy98dwFI2N1tg3zNIdKaQT+aNdA==}
    engines: {node: '>=8.6'}
    dependencies:
      braces: 3.0.2
      picomatch: 2.3.1
    dev: false

  /minimatch@9.0.3:
    resolution: {integrity: sha512-RHiac9mvaRw0x3AYRgDC1CxAP7HTcNrrECeA8YYJeWnpo+2Q5CegtZjaotWTWxDG3UeGA1coE05iH1mPjT/2mg==}
    engines: {node: '>=16 || 14 >=14.17'}
    dependencies:
      brace-expansion: 2.0.1
    dev: false

  /muggle-string@0.3.1:
    resolution: {integrity: sha512-ckmWDJjphvd/FvZawgygcUeQCxzvohjFO5RxTjj4eq8kw359gFF3E1brjfI+viLMxss5JrHTDRHZvu2/tuy0Qg==}
    dev: false

  /node-fetch@2.6.12:
    resolution: {integrity: sha512-C/fGU2E8ToujUivIO0H+tpQ6HWo4eEmchoPIoXtxCrVghxdKq+QOHqEZW7tuP3KlV3bC8FRMO5nMCC7Zm1VP6g==}
    engines: {node: 4.x || >=6.0.0}
    peerDependencies:
      encoding: ^0.1.0
    peerDependenciesMeta:
      encoding:
        optional: true
    dependencies:
      whatwg-url: 5.0.0
    dev: false

  /node-html-parser@6.1.11:
    resolution: {integrity: sha512-FAgwwZ6h0DSDWxfD0Iq1tsDcBCxdJB1nXpLPPxX8YyVWzbfCjKWEzaynF4gZZ/8hziUmp7ZSaKylcn0iKhufUQ==}
    dependencies:
      css-select: 5.1.0
      he: 1.2.0
    dev: false

  /nth-check@2.1.1:
    resolution: {integrity: sha512-lqjrjmaOoAnWfMmBPL+XNnynZh2+swxiX3WUE0s4yEHI6m+AwrK2UZOimIRl3X/4QctVqS8AiZjFqyOGrMXb/w==}
    dependencies:
      boolbase: 1.0.0
    dev: false

  /object-assign@4.1.1:
    resolution: {integrity: sha512-rJgTQnkUnH1sFw8yT6VSU3zD3sWmu6sZhIseY8VX+GRu3P6F7Fu+JNDoXfklElbLJSnc3FUQHVe4cU5hj+BcUg==}
    engines: {node: '>=0.10.0'}
    dev: false

  /path-browserify@1.0.1:
    resolution: {integrity: sha512-b7uo2UCUOYZcnF/3ID0lulOJi/bafxa1xPe7ZPsammBSpjSWQkjNxlt635YGS2MiR9GjvuXCtz2emr3jbsz98g==}
    dev: false

  /picomatch@2.3.1:
    resolution: {integrity: sha512-JU3teHTNjmE2VCGFzuY8EXzCDVwEqB2a8fsIvwaStHhAWJEeVd1o1QD80CU6+ZdEXXSLbSsuLwJjkCBWqRQUVA==}
    engines: {node: '>=8.6'}
    dev: false

  /prettier@3.1.0:
    resolution: {integrity: sha512-TQLvXjq5IAibjh8EpBIkNKxO749UEWABoiIZehEPiY4GNpVdhaFKqSTu+QrlU6D2dPAfubRmtJTi4K4YkQ5eXw==}
    engines: {node: '>=14'}
    hasBin: true
    dev: false

  /pug-error@2.0.0:
    resolution: {integrity: sha512-sjiUsi9M4RAGHktC1drQfCr5C5eriu24Lfbt4s+7SykztEOwVZtbFk1RRq0tzLxcMxMYTBR+zMQaG07J/btayQ==}
    dev: false

  /pug-lexer@5.0.1:
    resolution: {integrity: sha512-0I6C62+keXlZPZkOJeVam9aBLVP2EnbeDw3An+k0/QlqdwH6rv8284nko14Na7c0TtqtogfWXcRoFE4O4Ff20w==}
    dependencies:
      character-parser: 2.2.0
      is-expression: 4.0.0
      pug-error: 2.0.0
    dev: false

  /pug-parser@6.0.0:
    resolution: {integrity: sha512-ukiYM/9cH6Cml+AOl5kETtM9NR3WulyVP2y4HOU45DyMim1IeP/OOiyEWRr6qk5I5klpsBnbuHpwKmTx6WURnw==}
    dependencies:
      pug-error: 2.0.0
      token-stream: 1.0.0
    dev: false

  /queue-microtask@1.2.3:
    resolution: {integrity: sha512-NuaNSa6flKT5JaSYQzJok04JzTL1CA6aGhv5rfLW3PgqA+M2ChpZQnAC8h8i4ZFkBS8X5RqkDBHA7r4hej3K9A==}
    dev: false

  /regenerator-runtime@0.13.11:
    resolution: {integrity: sha512-kY1AZVr2Ra+t+piVaJ4gxaFaReZVH40AKNo7UCX6W+dEwBo/2oZJzqfuN1qLq1oL45o56cPaTXELwrTh8Fpggg==}
    dev: false

  /request-light@0.7.0:
    resolution: {integrity: sha512-lMbBMrDoxgsyO+yB3sDcrDuX85yYt7sS8BfQd11jtbW/z5ZWgLZRcEGLsLoYw7I0WSUGQBs8CC8ScIxkTX1+6Q==}
    dev: false

  /reusify@1.0.4:
    resolution: {integrity: sha512-U9nH88a3fc/ekCF1l0/UP1IosiuIjyTh7hBvXVMHYgVcfGvt897Xguj2UOLDeI5BG2m7/uwyaLVT6fbtCwTyzw==}
    engines: {iojs: '>=1.0.0', node: '>=0.10.0'}
    dev: false

  /run-parallel@1.2.0:
    resolution: {integrity: sha512-5l4VyZR86LZ/lDxZTR6jqL8AFE2S0IFLMP26AbjsLVADxHdhB/c0GUsH+y39UfCi3dzz8OlQuPmnaJOMoDHQBA==}
    dependencies:
      queue-microtask: 1.2.3
    dev: false

  /semver@7.5.4:
    resolution: {integrity: sha512-1bCSESV6Pv+i21Hvpxp3Dx+pSD8lIPt8uVjRrxAUt/nbswYc+tK6Y2btiULjd4+fnq15PX+nqQDC7Oft7WkwcA==}
    engines: {node: '>=10'}
    hasBin: true
    dependencies:
      lru-cache: 6.0.0
    dev: false

  /set-function-length@1.1.1:
    resolution: {integrity: sha512-VoaqjbBJKiWtg4yRcKBQ7g7wnGnLV3M8oLvVWwOk2PdYY6PEFegR1vezXR0tw6fZGF9csVakIRjrJiy2veSBFQ==}
    engines: {node: '>= 0.4'}
    dependencies:
      define-data-property: 1.1.1
      get-intrinsic: 1.2.2
      gopd: 1.0.1
      has-property-descriptors: 1.0.1
    dev: false

  /source-map-js@1.0.2:
    resolution: {integrity: sha512-R0XvVJ9WusLiqTCEiGCmICCMplcCkIwwR11mOSD9CR5u+IXYdiseeEuXCVAjS54zqwkLcPNnmU4OeJ6tUrWhDw==}
    engines: {node: '>=0.10.0'}
    dev: false

  /to-fast-properties@2.0.0:
    resolution: {integrity: sha512-/OaKK0xYrs3DmxRYqL/yDc+FxFUVYhDlXMhRmv3z915w2HF1tnN1omB354j8VUGO/hbRzyD6Y3sA7v7GS/ceog==}
    engines: {node: '>=4'}
    dev: false

  /to-regex-range@5.0.1:
    resolution: {integrity: sha512-65P7iz6X5yEr1cwcgvQxbbIw7Uk3gOy5dIdtZ4rDveLqhrdJP+Li/Hx6tyK0NEb+2GCyneCMJiGqrADCSNk8sQ==}
    engines: {node: '>=8.0'}
    dependencies:
      is-number: 7.0.0
    dev: false

  /token-stream@1.0.0:
    resolution: {integrity: sha512-VSsyNPPW74RpHwR8Fc21uubwHY7wMDeJLys2IX5zJNih+OnAnaifKHo+1LHT7DAdloQ7apeaaWg8l7qnf/TnEg==}
    dev: false

  /tr46@0.0.3:
    resolution: {integrity: sha512-N3WMsuqV66lT30CrXNbEjx4GEwlow3v6rr4mCcv6prnfwhS01rkgyFdjPNBYd9br7LpXV1+Emh01fHnq2Gdgrw==}
    dev: false

  /turndown@7.1.2:
    resolution: {integrity: sha512-ntI9R7fcUKjqBP6QU8rBK2Ehyt8LAzt3UBT9JR9tgo6GtuKvyUzpayWmeMKJw1DPdXzktvtIT8m2mVXz+bL/Qg==}
    dependencies:
      domino: 2.1.6
    dev: false

  /typesafe-path@0.2.2:
    resolution: {integrity: sha512-OJabfkAg1WLZSqJAJ0Z6Sdt3utnbzr/jh+NAHoyWHJe8CMSy79Gm085094M9nvTPy22KzTVn5Zq5mbapCI/hPA==}
    dev: false

  /typescript-auto-import-cache@0.3.0:
    resolution: {integrity: sha512-Rq6/q4O9iyqUdjvOoyas7x/Qf9nWUMeqpP3YeTaLA+uECgfy5wOhfOS+SW/+fZ/uI/ZcKaf+2/ZhFzXh8xfofQ==}
    dependencies:
      semver: 7.5.4
    dev: false

  /typescript-language-server@4.1.3:
    resolution: {integrity: sha512-miJcwsS5ZGuYlix9mbGZDF96ynzgxAZbCeQO2MpgaVahmnRjoZ3dI6hnnsvBbdTrpHAAEqdigOnVezoOzcXSag==}
    engines: {node: '>=18'}
    hasBin: true
    dependencies:
      vscode-jsonrpc: 5.0.1
      vscode-languageserver-protocol: 3.17.5
    dev: false

  /typescript@4.9.5:
    resolution: {integrity: sha512-1FXk9E2Hm+QzZQ7z+McJiHL4NW1F2EzMu9Nq9i3zAaGqibafqYwCVU6WyWAuyQRRzOlxou8xZSyXLEN8oKj24g==}
    engines: {node: '>=4.2.0'}
    hasBin: true
    dev: false

  /typescript@5.3.2:
    resolution: {integrity: sha512-6l+RyNy7oAHDfxC4FzSJcz9vnjTKxrLpDG5M2Vu4SHRVNg6xzqZp6LYSR9zjqQTu8DU/f5xwxUdADOkbrIX2gQ==}
    engines: {node: '>=14.17'}
    hasBin: true
    dev: false

  /volar-service-css@0.0.15(@volar/language-service@1.10.10):
    resolution: {integrity: sha512-rD+7Tq2eejHD3WDrpIOLEvbIJ37Hs1DQsOt33qY4dPb13c0HFloNCEaHEPKfOvqnxWWeTkMoL2iN1rGDhFA+MQ==}
    peerDependencies:
      '@volar/language-service': ~1.10.0
    peerDependenciesMeta:
      '@volar/language-service':
        optional: true
    dependencies:
      '@volar/language-service': 1.10.10
      vscode-css-languageservice: 6.2.11
      vscode-uri: 3.0.8
    dev: false

  /volar-service-emmet@0.0.15(@volar/language-service@1.10.10):
    resolution: {integrity: sha512-Qv1tek1B7vijyEdvqWWC3UOwloITELZT24yPu1W5GZCRkKcLPacjsk9uw0uo8DOzyWiI/rWo4cOEE3ljgUvA4g==}
    peerDependencies:
      '@volar/language-service': ~1.10.0
    peerDependenciesMeta:
      '@volar/language-service':
        optional: true
    dependencies:
      '@volar/language-service': 1.10.10
      '@vscode/emmet-helper': 2.9.2
      volar-service-html: 0.0.15(@volar/language-service@1.10.10)
    dev: false

  /volar-service-html@0.0.15(@volar/language-service@1.10.10):
    resolution: {integrity: sha512-ROv0dr1AajpJqmaH/N3uudrUPdwgt/+Jmf8imXaLjf69x79nvJUaZqlJZhs8LJZt2agVsQM0AipR0BAWXn5P9g==}
    peerDependencies:
      '@volar/language-service': ~1.10.0
    peerDependenciesMeta:
      '@volar/language-service':
        optional: true
    dependencies:
      '@volar/language-service': 1.10.10
      vscode-html-languageservice: 5.1.1
      vscode-uri: 3.0.8
    dev: false

  /volar-service-json@0.0.15(@volar/language-service@1.10.10):
    resolution: {integrity: sha512-90GFaWP07Af/vJJqp2AXT0LKcAQPiNFURlV03/nXdP4xRq/KXbZOsBfjWs3gxi9sFGkhpKb6bv7cSFXOWx4RsA==}
    peerDependencies:
      '@volar/language-service': ~1.10.0
    peerDependenciesMeta:
      '@volar/language-service':
        optional: true
    dependencies:
      '@volar/language-service': 1.10.10
      vscode-json-languageservice: 5.3.7
      vscode-uri: 3.0.8
    dev: false

  /volar-service-pug-beautify@0.0.15(@volar/language-service@1.10.10):
    resolution: {integrity: sha512-YCnQn0d1cc6SdYQzYNCUZxi749ONhlOqFzGaHcrCqKEl3nrP1AYuQIQtxRgEfWq1hn0l/ZFqRsn2p4tzaBE96Q==}
    peerDependencies:
      '@volar/language-service': ~1.10.0
    peerDependenciesMeta:
      '@volar/language-service':
        optional: true
    dependencies:
      '@johnsoncodehk/pug-beautify': 0.2.2
      '@volar/language-service': 1.10.10
    dev: false

  /volar-service-pug@0.0.15:
    resolution: {integrity: sha512-/SGIGDUOcBO5SvwILfoGu5ziECoPWYQgbS6m9n0ZRt9esCKDMeNa4SCO+6kADR+wCvxQu+sMqcLxOrinUgK9Mw==}
    dependencies:
      '@volar/language-service': 1.10.10
      '@volar/source-map': 1.10.10
      muggle-string: 0.3.1
      pug-lexer: 5.0.1
      pug-parser: 6.0.0
      volar-service-html: 0.0.15(@volar/language-service@1.10.10)
      vscode-html-languageservice: 5.1.1
      vscode-languageserver-textdocument: 1.0.11
    dev: false

  /volar-service-typescript-twoslash-queries@0.0.15(@volar/language-service@1.10.10):
    resolution: {integrity: sha512-HAMhOZBRtl8nyNmerJS4+wohtSjI2y6qupHifWxMcRISyJnydR7ahhhw14c3kL0OUNKaFmJUfJak2IzvhrmdxA==}
    peerDependencies:
      '@volar/language-service': ~1.10.0
    peerDependenciesMeta:
      '@volar/language-service':
        optional: true
    dependencies:
      '@volar/language-service': 1.10.10
    dev: false

  /volar-service-typescript@0.0.15(@volar/language-service@1.10.10)(@volar/typescript@1.10.10):
    resolution: {integrity: sha512-mwnYLKKjj1okbRpmck40BxP0Z+q3zjh2ynU3he1MMtmVH/zXGVdU+IHvU/bRb8hhO/e6ljgKb3pGm/uUd5kv0w==}
    peerDependencies:
      '@volar/language-service': ~1.10.0
      '@volar/typescript': ~1.10.0
    peerDependenciesMeta:
      '@volar/language-service':
        optional: true
    dependencies:
      '@volar/language-service': 1.10.10
      '@volar/typescript': 1.10.10
      semver: 7.5.4
      typescript-auto-import-cache: 0.3.0
      vscode-languageserver-textdocument: 1.0.11
      vscode-nls: 5.2.0
      vscode-uri: 3.0.8
    dev: false

  /vscode-css-languageservice@6.2.11:
    resolution: {integrity: sha512-qn49Wa6K94LnizpVxmlYrcPf1Cb36gq1nNueW0COhi4shylXBzET5wuDbH8ZWQlJD0HM5Mmnn7WE9vQVVs+ULA==}
    dependencies:
      '@vscode/l10n': 0.0.16
      vscode-languageserver-textdocument: 1.0.11
      vscode-languageserver-types: 3.17.5
      vscode-uri: 3.0.8
    dev: false

  /vscode-html-languageservice@5.1.1:
    resolution: {integrity: sha512-JenrspIIG/Q+93R6G3L6HdK96itSisMynE0glURqHpQbL3dKAKzdm8L40lAHNkwJeBg+BBPpAshZKv/38onrTQ==}
    dependencies:
      '@vscode/l10n': 0.0.16
      vscode-languageserver-textdocument: 1.0.11
      vscode-languageserver-types: 3.17.5
      vscode-uri: 3.0.8
    dev: false

  /vscode-json-languageservice@5.3.7:
    resolution: {integrity: sha512-jdDggN2SLMQw4C/tLr11v6/OK4cMVGy7tbyZRHQvukQ6lcflY3UV+ZMkmwHKCqXz2TmxkjQb536eJW6JMEVeew==}
    dependencies:
      '@vscode/l10n': 0.0.16
      jsonc-parser: 3.2.0
      vscode-languageserver-textdocument: 1.0.11
      vscode-languageserver-types: 3.17.5
      vscode-uri: 3.0.8
    dev: false

  /vscode-jsonrpc@5.0.1:
    resolution: {integrity: sha512-JvONPptw3GAQGXlVV2utDcHx0BiY34FupW/kI6mZ5x06ER5DdPG/tXWMVHjTNULF5uKPOUUD0SaXg5QaubJL0A==}
    engines: {node: '>=8.0.0 || >=10.0.0'}
    dev: false

  /vscode-jsonrpc@8.0.2:
    resolution: {integrity: sha512-RY7HwI/ydoC1Wwg4gJ3y6LpU9FJRZAUnTYMXthqhFXXu77ErDd/xkREpGuk4MyYkk4a+XDWAMqe0S3KkelYQEQ==}
    engines: {node: '>=14.0.0'}
    dev: false

  /vscode-jsonrpc@8.2.0:
    resolution: {integrity: sha512-C+r0eKJUIfiDIfwJhria30+TYWPtuHJXHtI7J0YlOmKAo7ogxP20T0zxB7HZQIFhIyvoBPwWskjxrvAtfjyZfA==}
    engines: {node: '>=14.0.0'}
    dev: false

  /vscode-langservers-extracted@4.8.0:
    resolution: {integrity: sha512-kWqVdmdcf9Ez1P3hZpvCHomxVqrdK2awwZkezSW3SuXLX0kXS4x8WoA0GkF54SA0CiXtJWszaFpQghUNVlepuQ==}
    hasBin: true
    dependencies:
      '@vscode/l10n': 0.0.16
      core-js: 3.33.3
      jsonc-parser: 3.2.0
      regenerator-runtime: 0.13.11
      request-light: 0.7.0
      typescript: 4.9.5
      vscode-css-languageservice: 6.2.11
      vscode-html-languageservice: 5.1.1
      vscode-json-languageservice: 5.3.7
      vscode-languageserver: 9.0.1
      vscode-languageserver-textdocument: 1.0.11
      vscode-languageserver-types: 3.17.5
      vscode-markdown-languageservice: 0.4.0-alpha.8
      vscode-nls: 5.2.0
      vscode-uri: 3.0.8
    dev: false

  /vscode-languageserver-protocol@3.17.2:
    resolution: {integrity: sha512-8kYisQ3z/SQ2kyjlNeQxbkkTNmVFoQCqkmGrzLH6A9ecPlgTbp3wDTnUNqaUxYr4vlAcloxx8zwy7G5WdguYNg==}
    dependencies:
      vscode-jsonrpc: 8.0.2
      vscode-languageserver-types: 3.17.2
    dev: false

  /vscode-languageserver-protocol@3.17.5:
    resolution: {integrity: sha512-mb1bvRJN8SVznADSGWM9u/b07H7Ecg0I3OgXDuLdn307rl/J3A9YD6/eYOssqhecL27hK1IPZAsaqh00i/Jljg==}
    dependencies:
      vscode-jsonrpc: 8.2.0
      vscode-languageserver-types: 3.17.5
    dev: false

  /vscode-languageserver-textdocument@1.0.11:
    resolution: {integrity: sha512-X+8T3GoiwTVlJbicx/sIAF+yuJAqz8VvwJyoMVhwEMoEKE/fkDmrqUgDMyBECcM2A2frVZIUj5HI/ErRXCfOeA==}
    dev: false

  /vscode-languageserver-textdocument@1.0.8:
    resolution: {integrity: sha512-1bonkGqQs5/fxGT5UchTgjGVnfysL0O8v1AYMBjqTbWQTFn721zaPGDYFkOKtfDgFiSgXM3KwaG3FMGfW4Ed9Q==}
    dev: false

  /vscode-languageserver-types@3.17.2:
    resolution: {integrity: sha512-zHhCWatviizPIq9B7Vh9uvrH6x3sK8itC84HkamnBWoDFJtzBf7SWlpLCZUit72b3os45h6RWQNC9xHRDF8dRA==}
    dev: false

  /vscode-languageserver-types@3.17.5:
    resolution: {integrity: sha512-Ld1VelNuX9pdF39h2Hgaeb5hEZM2Z3jUrrMgWQAu82jMtZp7p3vJT3BzToKtZI7NgQssZje5o0zryOrhQvzQAg==}
    dev: false

  /vscode-languageserver@8.0.2:
    resolution: {integrity: sha512-bpEt2ggPxKzsAOZlXmCJ50bV7VrxwCS5BI4+egUmure/oI/t4OlFzi/YNtVvY24A2UDOZAgwFGgnZPwqSJubkA==}
    hasBin: true
    dependencies:
      vscode-languageserver-protocol: 3.17.2
    dev: false

  /vscode-languageserver@9.0.1:
    resolution: {integrity: sha512-woByF3PDpkHFUreUa7Hos7+pUWdeWMXRd26+ZX2A8cFx6v/JPTtd4/uN0/jB6XQHYaOlHbio03NTHCqrgG5n7g==}
    hasBin: true
    dependencies:
      vscode-languageserver-protocol: 3.17.5
    dev: false

  /vscode-markdown-languageservice@0.4.0-alpha.8:
    resolution: {integrity: sha512-6S6RE5s+4biWg2xk9bpwNi6GihUYQIVxdO3I+jb/XDyvfmqYVxrN86cKLF8QSbaQvX3fMuBAxBLFfX93FdJi3w==}
    dependencies:
      '@vscode/l10n': 0.0.10
      node-html-parser: 6.1.11
      picomatch: 2.3.1
      vscode-languageserver-textdocument: 1.0.11
      vscode-languageserver-types: 3.17.5
      vscode-uri: 3.0.8
    dev: false

  /vscode-nls@5.2.0:
    resolution: {integrity: sha512-RAaHx7B14ZU04EU31pT+rKz2/zSl7xMsfIZuo8pd+KZO6PXtQmpevpq3vxvWNcrGbdmhM/rr5Uw5Mz+NBfhVng==}
    dev: false

  /vscode-uri@2.1.2:
    resolution: {integrity: sha512-8TEXQxlldWAuIODdukIb+TR5s+9Ds40eSJrw+1iDDA9IFORPjMELarNQE3myz5XIkWWpdprmJjm1/SxMlWOC8A==}
    dev: false

  /vscode-uri@3.0.8:
    resolution: {integrity: sha512-AyFQ0EVmsOZOlAnxoFOGOq1SQDWAB7C6aqMGS23svWAllfOaxbuFvcT8D1i8z3Gyn8fraVeZNNmN6e9bxxXkKw==}
    dev: false

  /vue-component-meta@1.8.22(typescript@5.3.2):
    resolution: {integrity: sha512-xic335E3KOm3uMcg23UDqo0y1XII8PVPjwoIkzi3tjUzP0edM3m9jF8SYevnJLp1NqiZ035iG1N6QMEauSAulA==}
    peerDependencies:
      typescript: '*'
    peerDependenciesMeta:
      typescript:
        optional: true
    dependencies:
      '@volar/typescript': 1.10.10
      '@vue/language-core': 1.8.22(typescript@5.3.2)
      typesafe-path: 0.2.2
      typescript: 5.3.2
      vue-component-type-helpers: 1.8.22
    dev: false

  /vue-component-type-helpers@1.8.22:
    resolution: {integrity: sha512-LK3wJHs3vJxHG292C8cnsRusgyC5SEZDCzDCD01mdE/AoREFMl2tzLRuzwyuEsOIz13tqgBcnvysN3Lxsa14Fw==}
    dev: false

  /vue-template-compiler@2.7.15:
    resolution: {integrity: sha512-yQxjxMptBL7UAog00O8sANud99C6wJF+7kgbcwqkvA38vCGF7HWE66w0ZFnS/kX5gSoJr/PQ4/oS3Ne2pW37Og==}
    dependencies:
      de-indent: 1.0.2
      he: 1.2.0
    dev: false

  /web-tree-sitter@0.20.8:
    resolution: {integrity: sha512-weOVgZ3aAARgdnb220GqYuh7+rZU0Ka9k9yfKtGAzEYMa6GgiCzW9JjQRJyCJakvibQW+dfjJdihjInKuuCAUQ==}
    dev: false

  /webidl-conversions@3.0.1:
    resolution: {integrity: sha512-2JAn3z8AR6rjK8Sm8orRC0h/bcl/DqL7tRPdGZ4I1CjdF+EaMLmYxBHyXuKL849eucPFhvBoxMsflfOb8kxaeQ==}
    dev: false

  /whatwg-url@5.0.0:
    resolution: {integrity: sha512-saE57nupxk6v3HY35+jzBwYa0rKSy0XR8JSxZPwgLr7ys0IBzhGviA1/TUGJLmSVqs8pb9AnvICXEuOHLprYTw==}
    dependencies:
      tr46: 0.0.3
      webidl-conversions: 3.0.1
    dev: false

  /yallist@4.0.0:
    resolution: {integrity: sha512-3wdGidZyq5PB084XLES5TpOSRA3wjXAlIWMhum2kRcv/41Sn2emQ0dycQW4uZXLejwKvg6EsvbdlVL+FYEct7A==}
    dev: false

  /zod@3.21.4:
    resolution: {integrity: sha512-m46AKbrzKVzOzs/DZgVnG5H55N1sv1M8qZU3A8RIKbs3mrACDNeIOeilDymVb2HdmP8uwshOCF4uJ8uM9rCqJw==}
    dev: false
